
Microsoft Visual Studio Solution File, Format Version 12.00
# Visual Studio Version 16
VisualStudioVersion = 16.0.32413.511
MinimumVisualStudioVersion = 10.0.40219.1
Project("{FAE04EC0-301F-11D3-BF4B-00C04F79EFBC}") = "PostgreSQLEF", "PostgreSQLEF\PostgreSQLEF.csproj", "{1DFE5B9E-461D-4344-97D2-10B606F4443A}"
EndProject
Global
	GlobalSection(SolutionConfigurationPlatforms) = preSolution
		Debug|Any CPU = Debug|Any CPU
		Release|Any CPU = Release|Any CPU
	EndGlobalSection
	GlobalSection(ProjectConfigurationPlatforms) = postSolution
		{1DFE5B9E-461D-4344-97D2-10B606F4443A}.Debug|Any CPU.ActiveCfg = Debug|Any CPU
		{1DFE5B9E-461D-4344-97D2-10B606F4443A}.Debug|Any CPU.Build.0 = Debug|Any CPU
		{1DFE5B9E-461D-4344-97D2-10B606F4443A}.Release|Any CPU.ActiveCfg = Release|Any CPU
		{1DFE5B9E-461D-4344-97D2-10B606F4443A}.Release|Any CPU.Build.0 = Release|Any CPU
	EndGlobalSection
	GlobalSection(SolutionProperties) = preSolution
		HideSolutionNode = FALSE
	EndGlobalSection
	GlobalSection(ExtensibilityGlobals) = postSolution
		SolutionGuid = {4966243C-6B16-48B3-84BE-175D955295B4}
	EndGlobalSection
EndGlobal
